dependencies:
  rollup-plugin-size: 0.2.2
  sirv-cli: 1.0.6
  svelte-loadable: 1.5.0_svelte@3.24.1
  svelte-spa-router: 2.2.0_svelte@3.24.1
devDependencies:
  '@rollup/plugin-commonjs': 14.0.0_rollup@2.26.7
  '@rollup/plugin-node-resolve': 8.4.0_rollup@2.26.7
  premove: 3.0.1
  rollup: 2.26.7
  rollup-plugin-livereload: 2.0.0
  rollup-plugin-svelte: 6.0.0_rollup@2.26.7+svelte@3.24.1
  rollup-plugin-terser: 7.0.0_rollup@2.26.7
  svelte: 3.24.1
lockfileVersion: 5.2
packages:
  /@babel/code-frame/7.10.4:
    dependencies:
      '@babel/highlight': 7.10.4
    dev: true
    resolution:
      integrity: sha512-vG6SvB6oYEhvgisZNFRmRCUkLz11c7rp+tbNTynGqc6mS1d5ATd/sGyV6W0KZZnXRKMTzZDRgQT3Ou9jhpAfUg==
  /@babel/helper-validator-identifier/7.10.4:
    dev: true
    resolution:
      integrity: sha512-3U9y+43hz7ZM+rzG24Qe2mufW5KhvFg/NhnNph+i9mgCtdTCtMJuI1TMkrIUiK7Ix4PYlRF9I5dhqaLYA/ADXw==
  /@babel/highlight/7.10.4:
    dependencies:
      '@babel/helper-validator-identifier': 7.10.4
      chalk: 2.4.2
      js-tokens: 4.0.0
    dev: true
    resolution:
      integrity: sha512-i6rgnR/YgPEQzZZnbTHHuZdlE8qyoBNalD6F+q4vAFlcMEcqmkoG+mPqJYJCo63qPf74+Y1UZsl3l6f7/RIkmA==
  /@polka/url/1.0.0-next.11:
    dev: false
    resolution:
      integrity: sha512-3NsZsJIA/22P3QUyrEDNA2D133H4j224twJrdipXN38dpnIOzAbUDtOwkcJ5pXmn75w7LSQDjA4tO9dm1XlqlA==
  /@rollup/plugin-commonjs/14.0.0_rollup@2.26.7:
    dependencies:
      '@rollup/pluginutils': 3.1.0_rollup@2.26.7
      commondir: 1.0.1
      estree-walker: 1.0.1
      glob: 7.1.6
      is-reference: 1.2.1
      magic-string: 0.25.7
      resolve: 1.17.0
      rollup: 2.26.7
    dev: true
    engines:
      node: '>= 8.0.0'
    peerDependencies:
      rollup: ^2.3.4
    resolution:
      integrity: sha512-+PSmD9ePwTAeU106i9FRdc+Zb3XUWyW26mo5Atr2mk82hor8+nPwkztEjFo8/B1fJKfaQDg9aM2bzQkjhi7zOw==
  /@rollup/plugin-node-resolve/8.4.0_rollup@2.26.7:
    dependencies:
      '@rollup/pluginutils': 3.1.0_rollup@2.26.7
      '@types/resolve': 1.17.1
      builtin-modules: 3.1.0
      deep-freeze: 0.0.1
      deepmerge: 4.2.2
      is-module: 1.0.0
      resolve: 1.17.0
      rollup: 2.26.7
    dev: true
    engines:
      node: '>= 8.0.0'
    peerDependencies:
      rollup: ^1.20.0||^2.0.0
    resolution:
      integrity: sha512-LFqKdRLn0ShtQyf6SBYO69bGE1upV6wUhBX0vFOUnLAyzx5cwp8svA0eHUnu8+YU57XOkrMtfG63QOpQx25pHQ==
  /@rollup/pluginutils/3.1.0_rollup@2.26.7:
    dependencies:
      '@types/estree': 0.0.39
      estree-walker: 1.0.1
      picomatch: 2.2.2
      rollup: 2.26.7
    dev: true
    engines:
      node: '>= 8.0.0'
    peerDependencies:
      rollup: ^1.20.0||^2.0.0
    resolution:
      integrity: sha512-GksZ6pr6TpIjHm8h9lSQ8pi8BE9VeubNT0OMJ3B5uZJ8pz73NPiqOtCog/x2/QzM1ENChPKxMDhiQuRHsqc+lg==
  /@types/estree/0.0.39:
    dev: true
    resolution:
      integrity: sha512-EYNwp3bU+98cpU4lAWYYL7Zz+2gryWH1qbdDTidVd6hkiR6weksdbMadyXKXNPEkQFhXM+hVO9ZygomHXp+AIw==
  /@types/estree/0.0.45:
    dev: true
    resolution:
      integrity: sha512-jnqIUKDUqJbDIUxm0Uj7bnlMnRm1T/eZ9N+AVMqhPgzrba2GhGG5o/jCTwmdPK709nEZsGoMzXEDUjcXHa3W0g==
  /@types/node/14.6.1:
    dev: true
    resolution:
      integrity: sha512-HnYlg/BRF8uC1FyKRFZwRaCPTPYKa+6I8QiUZFLredaGOou481cgFS4wKRFyKvQtX8xudqkSdBczJHIYSQYKrQ==
  /@types/resolve/1.17.1:
    dependencies:
      '@types/node': 14.6.1
    dev: true
    resolution:
      integrity: sha512-yy7HuzQhj0dhGpD8RLXSZWEkLsV9ibvxvi6EiJ3bkqLAO1RGo0WbkWQiwpRlSFymTJRz0d3k5LM3kkx8ArDbLw==
  /ansi-styles/3.2.1:
    dependencies:
      color-convert: 1.9.3
    engines:
      node: '>=4'
    resolution:
      integrity: sha512-VT0ZI6kZRdTh8YyJw3SMbYm/u+NqfsAxEpWO0Pf9sq8/e94WxxOpPKx9FR1FlyCtOVDNOQ+8ntlqFxiRc+r5qA==
  /anymatch/3.1.1:
    dependencies:
      normalize-path: 3.0.0
      picomatch: 2.2.2
    dev: true
    engines:
      node: '>= 8'
    resolution:
      integrity: sha512-mM8522psRCqzV+6LhomX5wgp25YVibjh8Wj23I5RPkPppSVSjyKD2A2mBJmWGa+KN7f2D6LNh9jkBCeyLktzjg==
  /async-limiter/1.0.1:
    dev: true
    resolution:
      integrity: sha512-csOlWGAcRFJaI6m+F2WKdnMKr4HhdhFVBk0H/QbJFMCr+uO2kwohwXQPxw/9OCxp05r5ghVBFSyioixx3gfkNQ==
  /axios/0.19.2:
    dependencies:
      follow-redirects: 1.5.10
    deprecated: Critical security vulnerability fixed in v0.21.1. For more information, see https://github.com/axios/axios/pull/3410
    dev: false
    resolution:
      integrity: sha512-fjgm5MvRHLhx+osE2xoekY70AhARk3a6hkN+3Io1jc00jtquGvxYlKlsFUhmUET0V5te6CcZI7lcv2Ym61mjHA==
  /balanced-match/1.0.0:
    resolution:
      integrity: sha1-ibTRmasr7kneFk6gK4nORi1xt2c=
  /binary-extensions/2.1.0:
    dev: true
    engines:
      node: '>=8'
    resolution:
      integrity: sha512-1Yj8h9Q+QDF5FzhMs/c9+6UntbD5MkRfRwac8DoEm9ZfUBZ7tZ55YcGVAzEe4bXsdQHEk+s9S5wsOKVdZrw0tQ==
  /brace-expansion/1.1.11:
    dependencies:
      balanced-match: 1.0.0
      concat-map: 0.0.1
    resolution:
      integrity: sha512-iCuPHDFgrHX7H2vEI/5xpz07zSHB00TpugqhmYtVmMO6518mCuRMoOYFldEBl0g187ufozdaHgWKcYFb61qGiA==
  /braces/3.0.2:
    dependencies:
      fill-range: 7.0.1
    dev: true
    engines:
      node: '>=8'
    resolution:
      integrity: sha512-b8um+L1RzM3WDSzvhm6gIz1yfTbBt6YTlcEKAvsmqCZZFw46z626lVj9j1yEPW33H5H+lBQpZMP1k8l+78Ha0A==
  /brotli-size/4.0.0:
    dependencies:
      duplexer: 0.1.1
    dev: false
    engines:
      node: '>= 10.16.0'
    resolution:
      integrity: sha512-uA9fOtlTRC0iqKfzff1W34DXUA3GyVqbUaeo3Rw3d4gd1eavKVCETXrn3NzO74W+UVkG3UHu8WxUi+XvKI/huA==
  /buffer-from/1.1.1:
    dev: true
    resolution:
      integrity: sha512-MQcXEUbCKtEo7bhqEs6560Hyd4XaovZlO/k9V3hjVUF/zwW7KBVdSK4gIt/bzwS9MbR5qob+F5jusZsb0YQK2A==
  /builtin-modules/3.1.0:
    dev: true
    engines:
      node: '>=6'
    resolution:
      integrity: sha512-k0KL0aWZuBt2lrxrcASWDfwOLMnodeQjodT/1SxEQAXsHANgo6ZC/VEaSEHCXt7aSTZ4/4H5LKa+tBXmW7Vtvw==
  /call-bind/1.0.2:
    dependencies:
      function-bind: 1.1.1
      get-intrinsic: 1.1.1
    dev: false
    resolution:
      integrity: sha512-7O+FbCihrB5WGbFYesctwmTKae6rOiIzmz1icreWJ+0aA7LJfuqhEso2T9ncpcFtzMQtzXf2QGGueWJGTYsqrA==
  /chalk/2.4.2:
    dependencies:
      ansi-styles: 3.2.1
      escape-string-regexp: 1.0.5
      supports-color: 5.5.0
    engines:
      node: '>=4'
    resolution:
      integrity: sha512-Mti+f9lpJNcwF4tWV8/OrTTtF1gZi+f8FqlyAdouralcFWFQWF2+NgCHShjkCb+IFBLq9buZwE1xckQU4peSuQ==
  /chokidar/3.4.2:
    dependencies:
      anymatch: 3.1.1
      braces: 3.0.2
      glob-parent: 5.1.1
      is-binary-path: 2.1.0
      is-glob: 4.0.1
      normalize-path: 3.0.0
      readdirp: 3.4.0
    dev: true
    engines:
      node: '>= 8.10.0'
    optionalDependencies:
      fsevents: 2.1.3
    resolution:
      integrity: sha512-IZHaDeBeI+sZJRX7lGcXsdzgvZqKv6sECqsbErJA4mHWfpRrD8B97kSFN4cQz6nGBGiuFia1MKR4d6c1o8Cv7A==
  /ci-env/1.16.0:
    dev: false
    resolution:
      integrity: sha512-ucF9caQEX5wQlY449KZBIJPx91+kRg9tJ3tWSc4+KzrvC5KNiPm/3g1noP8VhdI3046+Vw3jLmKAD0fjCRJTmw==
  /color-convert/1.9.3:
    dependencies:
      color-name: 1.1.3
    resolution:
      integrity: sha512-QfAUtd+vFdAtFQcC8CCyYt1fYWxSqAiK2cSD6zDB8N3cpsEBAvRxp9zOGg6G/SHHJYAT88/az/IuDGALsNVbGg==
  /color-name/1.1.3:
    resolution:
      integrity: sha1-p9BVi9icQveV3UIyj3QIMcpTvCU=
  /commander/2.20.3:
    dev: true
    resolution:
      integrity: sha512-GpVkmM8vF2vQUkj2LvZmD35JxeJOLCwJ9cUkugyk2nuhbv3+mJvpLYYt+0+USMxE+oj+ey/lJEnhZw75x/OMcQ==
  /commondir/1.0.1:
    dev: true
    resolution:
      integrity: sha1-3dgA2gxmEnOTzKWVDqloo6rxJTs=
  /concat-map/0.0.1:
    resolution:
      integrity: sha1-2Klr13/Wjfd5OnMDajug1UBdR3s=
  /console-clear/1.1.1:
    dev: false
    engines:
      node: '>=4'
    resolution:
      integrity: sha512-pMD+MVR538ipqkG5JXeOEbKWS5um1H4LUUccUQG68qpeqBYbzYy79Gh55jkd2TtPdRfUaLWdv6LPP//5Zt0aPQ==
  /debug/3.1.0:
    dependencies:
      ms: 2.0.0
    dev: false
    resolution:
      integrity: sha512-OX8XqP7/1a9cqkxYw2yXss15f26NKWBpDXQd0/uK/KPqdQhxbPa994hnzjcE2VqQpDslf55723cKPUOGSmMY3g==
  /deep-freeze/0.0.1:
    dev: true
    resolution:
      integrity: sha1-OgsABd4YZygZ39OM0x+RF5yJPoQ=
  /deepmerge/4.2.2:
    dev: true
    engines:
      node: '>=0.10.0'
    resolution:
      integrity: sha512-FJ3UgI4gIl+PHZm53knsuSFpE+nESMr7M4v9QcgB7S63Kj/6WqMiFQJpBBYz1Pt+66bZpP3Q7Lye0Oo9MPKEdg==
  /define-properties/1.1.3:
    dependencies:
      object-keys: 1.1.1
    dev: false
    engines:
      node: '>= 0.4'
    resolution:
      integrity: sha512-3MqfYKj2lLzdMSf8ZIZE/V+Zuy+BgD6f164e8K2w7dgnpKArBDerGYpM46IYYcjnkdPNMjPk9A6VFB8+3SKlXQ==
  /duplexer/0.1.1:
    dev: false
    resolution:
      integrity: sha1-rOb/gIwc5mtX0ev5eXessCM0z8E=
  /duplexer/0.1.2:
    dev: false
    resolution:
      integrity: sha512-jtD6YG370ZCIi/9GTaJKQxWTZD045+4R4hTk/x1UyoqadyJ9x9CgSi1RlVDQF8U2sxLLSnFkCaMihqljHIWgMg==
  /es-abstract/1.18.0-next.2:
    dependencies:
      call-bind: 1.0.2
      es-to-primitive: 1.2.1
      function-bind: 1.1.1
      get-intrinsic: 1.1.1
      has: 1.0.3
      has-symbols: 1.0.1
      is-callable: 1.2.3
      is-negative-zero: 2.0.1
      is-regex: 1.1.2
      object-inspect: 1.9.0
      object-keys: 1.1.1
      object.assign: 4.1.2
      string.prototype.trimend: 1.0.3
      string.prototype.trimstart: 1.0.3
    dev: false
    engines:
      node: '>= 0.4'
    resolution:
      integrity: sha512-Ih4ZMFHEtZupnUh6497zEL4y2+w8+1ljnCyaTa+adcoafI1GOvMwFlDjBLfWR7y9VLfrjRJe9ocuHY1PSR9jjw==
  /es-to-primitive/1.2.1:
    dependencies:
      is-callable: 1.2.3
      is-date-object: 1.0.2
      is-symbol: 1.0.3
    dev: false
    engines:
      node: '>= 0.4'
    resolution:
      integrity: sha512-QCOllgZJtaUo9miYBcLChTUaHNjJF3PYs1VidD7AwiEj1kYxKeQTctLAezAOH5ZKRH0g2IgPn6KwB4IT8iRpvA==
  /escape-string-regexp/1.0.5:
    engines:
      node: '>=0.8.0'
    resolution:
      integrity: sha1-G2HAViGQqN/2rjuyzwIAyhMLhtQ=
  /estree-walker/0.6.1:
    dev: true
    resolution:
      integrity: sha512-SqmZANLWS0mnatqbSfRP5g8OXZC12Fgg1IwNtLsyHDzJizORW4khDfjPqJZsemPWBB2uqykUah5YpQ6epsqC/w==
  /estree-walker/1.0.1:
    dev: true
    resolution:
      integrity: sha512-1fMXF3YP4pZZVozF8j/ZLfvnR8NSIljt56UhbZ5PeeDmmGHpgpdwQt7ITlGvYaQukCvuBRMLEiKiYC+oeIg4cg==
  /fill-range/7.0.1:
    dependencies:
      to-regex-range: 5.0.1
    dev: true
    engines:
      node: '>=8'
    resolution:
      integrity: sha512-qOo9F+dMUmC2Lcb4BbVvnKJxTPjCm+RRpe4gDuGrzkL7mEVl/djYSu2OdQ2Pa302N4oqkSg9ir6jaLWJ2USVpQ==
  /follow-redirects/1.5.10:
    dependencies:
      debug: 3.1.0
    dev: false
    engines:
      node: '>=4.0'
    resolution:
      integrity: sha512-0V5l4Cizzvqt5D44aTXbFZz+FtyXV1vrDN6qrelxtfYQKW0KO0W2T/hkE8xvGa/540LkZlkaUjO4ailYTFtHVQ==
  /for-each/0.3.3:
    dependencies:
      is-callable: 1.2.3
    dev: false
    resolution:
      integrity: sha512-jqYfLp7mo9vIyQf8ykW2v7A+2N4QjeCeI5+Dz9XraiO1ign81wjiH7Fb9vSOWvQfNtmSa4H2RoQTrrXivdUZmw==
  /fs-extra/8.1.0:
    dependencies:
      graceful-fs: 4.2.5
      jsonfile: 4.0.0
      universalify: 0.1.2
    dev: false
    engines:
      node: '>=6 <7 || >=8'
    resolution:
      integrity: sha512-yhlQgA6mnOJUKOsRUFsgJdQCvkKhcz8tlZG5HBQfReYZy46OwLcY+Zia0mtdHsOo9y/hP+CxMN0TU9QxoOtG4g==
  /fs.realpath/1.0.0:
    resolution:
      integrity: sha1-FQStJSMVjKpA20onh8sBQRmU6k8=
  /fsevents/2.1.3:
    dev: true
    engines:
      node: ^8.16.0 || ^10.6.0 || >=11.0.0
    optional: true
    os:
      - darwin
    resolution:
      integrity: sha512-Auw9a4AxqWpa9GUfj370BMPzzyncfBABW8Mab7BGWBYDj4Isgq+cDKtx0i6u9jcX9pQDnswsaaOTgTmA5pEjuQ==
  /function-bind/1.1.1:
    dev: false
    resolution:
      integrity: sha512-yIovAzMX49sF8Yl58fSCWJ5svSLuaibPxXQJFLmBObTuCr0Mf1KiPopGM9NiFjiYBCbfaa2Fh6breQ6ANVTI0A==
  /get-intrinsic/1.1.1:
    dependencies:
      function-bind: 1.1.1
      has: 1.0.3
      has-symbols: 1.0.1
    dev: false
    resolution:
      integrity: sha512-kWZrnVM42QCiEA2Ig1bG8zjoIMOgxWwYCEeNdwY6Tv/cOSeGpcoX4pXHfKUxNKVoArnrEr2e9srnAxxGIraS9Q==
  /get-port/3.2.0:
    dev: false
    engines:
      node: '>=4'
    resolution:
      integrity: sha1-3Xzn3hh8Bsi/NTeWrHHgmfCYDrw=
  /glob-parent/5.1.1:
    dependencies:
      is-glob: 4.0.1
    dev: true
    engines:
      node: '>= 6'
    resolution:
      integrity: sha512-FnI+VGOpnlGHWZxthPGR+QhR78fuiK0sNLkHQv+bL9fQi57lNNdquIbna/WrfROrolq8GK5Ek6BiMwqL/voRYQ==
  /glob/7.1.6:
    dependencies:
      fs.realpath: 1.0.0
      inflight: 1.0.6
      inherits: 2.0.4
      minimatch: 3.0.4
      once: 1.4.0
      path-is-absolute: 1.0.1
    resolution:
      integrity: sha512-LwaxwyZ72Lk7vZINtNNrywX0ZuLyStrdDtabefZKAY5ZGJhVtgdznluResxNmPitE0SAO+O26sWTHeKSI2wMBA==
  /graceful-fs/4.2.5:
    dev: false
    resolution:
      integrity: sha512-kBBSQbz2K0Nyn+31j/w36fUfxkBW9/gfwRWdUY1ULReH3iokVJgddZAFcD1D0xlgTmFxJCbUkUclAlc6/IDJkw==
  /gzip-size/5.1.1:
    dependencies:
      duplexer: 0.1.2
      pify: 4.0.1
    dev: false
    engines:
      node: '>=6'
    resolution:
      integrity: sha512-FNHi6mmoHvs1mxZAds4PpdCS6QG8B4C1krxJsMutgxl5t3+GlRTzzI3NEkifXx2pVsOvJdOGSmIgDhQ55FwdPA==
  /has-flag/3.0.0:
    engines:
      node: '>=4'
    resolution:
      integrity: sha1-tdRU3CGZriJWmfNGfloH87lVuv0=
  /has-flag/4.0.0:
    dev: true
    engines:
      node: '>=8'
    resolution:
      integrity: sha512-EykJT/Q1KjTWctppgIAgfSO0tKVuZUjhgMr17kqTumMl6Afv3EISleU7qZUzoXDFTAHTDC4NOoG/ZxU3EvlMPQ==
  /has-symbols/1.0.1:
    dev: false
    engines:
      node: '>= 0.4'
    resolution:
      integrity: sha512-PLcsoqu++dmEIZB+6totNFKq/7Do+Z0u4oT0zKOJNl3lYK6vGwwu2hjHs+68OEZbTjiUE9bgOABXbP/GvrS0Kg==
  /has/1.0.3:
    dependencies:
      function-bind: 1.1.1
    dev: false
    engines:
      node: '>= 0.4.0'
    resolution:
      integrity: sha512-f2dvO0VU6Oej7RkWJGrehjbzMAjFp5/VKPp5tTpWIV4JHHZK1/BxbFRtf/siA2SWTe09caDmVtYYzWEIbBS4zw==
  /inflight/1.0.6:
    dependencies:
      once: 1.4.0
      wrappy: 1.0.2
    resolution:
      integrity: sha1-Sb1jMdfQLQwJvJEKEHW6gWW1bfk=
  /inherits/2.0.4:
    resolution:
      integrity: sha512-k/vGaX4/Yla3WzyMCvTQOXYeIHvqOKtnqBduzTHpzpQZzAskKMhZ2K+EnBiSM9zGSoIFeMpXKxa4dYeZIQqewQ==
  /is-binary-path/2.1.0:
    dependencies:
      binary-extensions: 2.1.0
    dev: true
    engines:
      node: '>=8'
    resolution:
      integrity: sha512-ZMERYes6pDydyuGidse7OsHxtbI7WVeUEozgR/g7rd0xUimYNlvZRE/K2MgZTjWy725IfelLeVcEM97mmtRGXw==
  /is-callable/1.2.3:
    dev: false
    engines:
      node: '>= 0.4'
    resolution:
      integrity: sha512-J1DcMe8UYTBSrKezuIUTUwjXsho29693unXM2YhJUTR2txK/eG47bvNa/wipPFmZFgr/N6f1GA66dv0mEyTIyQ==
  /is-date-object/1.0.2:
    dev: false
    engines:
      node: '>= 0.4'
    resolution:
      integrity: sha512-USlDT524woQ08aoZFzh3/Z6ch9Y/EWXEHQ/AaRN0SkKq4t2Jw2R2339tSXmwuVoY7LLlBCbOIlx2myP/L5zk0g==
  /is-extglob/2.1.1:
    dev: true
    engines:
      node: '>=0.10.0'
    resolution:
      integrity: sha1-qIwCU1eR8C7TfHahueqXc8gz+MI=
  /is-glob/4.0.1:
    dependencies:
      is-extglob: 2.1.1
    dev: true
    engines:
      node: '>=0.10.0'
    resolution:
      integrity: sha512-5G0tKtBTFImOqDnLB2hG6Bp2qcKEFduo4tZu9MT/H6NQv/ghhy30o55ufafxJ/LdH79LLs2Kfrn85TLKyA7BUg==
  /is-module/1.0.0:
    dev: true
    resolution:
      integrity: sha1-Mlj7afeMFNW4FdZkM2tM/7ZEFZE=
  /is-negative-zero/2.0.1:
    dev: false
    engines:
      node: '>= 0.4'
    resolution:
      integrity: sha512-2z6JzQvZRa9A2Y7xC6dQQm4FSTSTNWjKIYYTt4246eMTJmIo0Q+ZyOsU66X8lxK1AbB92dFeglPLrhwpeRKO6w==
  /is-number/7.0.0:
    dev: true
    engines:
      node: '>=0.12.0'
    resolution:
      integrity: sha512-41Cifkg6e8TylSpdtTpeLVMqvSBEVzTttHvERD741+pnZ8ANv0004MRL43QKPDlK9cGvNp6NZWZUBlbGXYxxng==
  /is-reference/1.2.1:
    dependencies:
      '@types/estree': 0.0.45
    dev: true
    resolution:
      integrity: sha512-U82MsXXiFIrjCK4otLT+o2NA2Cd2g5MLoOVXUZjIOhLurrRxpEXzI8O0KZHr3IjLvlAH1kTPYSuqer5T9ZVBKQ==
  /is-regex/1.1.2:
    dependencies:
      call-bind: 1.0.2
      has-symbols: 1.0.1
    dev: false
    engines:
      node: '>= 0.4'
    resolution:
      integrity: sha512-axvdhb5pdhEVThqJzYXwMlVuZwC+FF2DpcOhTS+y/8jVq4trxyPgfcwIxIKiyeuLlSQYKkmUaPQJ8ZE4yNKXDg==
  /is-symbol/1.0.3:
    dependencies:
      has-symbols: 1.0.1
    dev: false
    engines:
      node: '>= 0.4'
    resolution:
      integrity: sha512-OwijhaRSgqvhm/0ZdAcXNZt9lYdKFpcRDT5ULUuYXPoT794UNOdU+gpT6Rzo7b4V2HUl/op6GqY894AZwv9faQ==
  /jest-worker/26.3.0:
    dependencies:
      '@types/node': 14.6.1
      merge-stream: 2.0.0
      supports-color: 7.2.0
    dev: true
    engines:
      node: '>= 10.13.0'
    resolution:
      integrity: sha512-Vmpn2F6IASefL+DVBhPzI2J9/GJUsqzomdeN+P+dK8/jKxbh8R3BtFnx3FIta7wYlPU62cpJMJQo4kuOowcMnw==
  /js-tokens/4.0.0:
    dev: true
    resolution:
      integrity: sha512-RdJUflcE3cUzKiMqQgsCu06FPu9UdIJO0beYbPhHN4k6apgJtifcoCtT9bcxOpYBtpD2kCM6Sbzg4CausW/PKQ==
  /jsonfile/4.0.0:
    dev: false
    optionalDependencies:
      graceful-fs: 4.2.5
    resolution:
      integrity: sha1-h3Gq4HmbZAdrdmQPygWPnBDjPss=
  /kleur/3.0.3:
    dev: false
    engines:
      node: '>=6'
    resolution:
      integrity: sha512-eTIzlVOSUR+JxdDFepEYcBMtZ9Qqdef+rnzWdRZuMbOywu5tO2w2N7rqjoANZ5k9vywhL6Br1VRjUIgTQx4E8w==
  /livereload-js/3.3.1:
    dev: true
    resolution:
      integrity: sha512-CBu1gTEfzVhlOK1WASKAAJ9Qx1fHECTq0SUB67sfxwQssopTyvzqTlgl+c0h9pZ6V+Fzd2rc510ppuNusg9teQ==
  /livereload/0.9.1:
    dependencies:
      chokidar: 3.4.2
      livereload-js: 3.3.1
      opts: 2.0.2
      ws: 6.2.1
    dev: true
    engines:
      node: '>=8.0.0'
    hasBin: true
    resolution:
      integrity: sha512-9g7sua11kkyZNo2hLRCG3LuZZwqexoyEyecSlV8cAsfAVVCZqLzVir6XDqmH0r+Vzgnd5LrdHDMyjtFnJQLAYw==
  /local-access/1.0.1:
    dev: false
    engines:
      node: '>=6'
    resolution:
      integrity: sha512-ykt2pgN0aqIy6KQC1CqdWTWkmUwNgaOS6dcpHVjyBJONA+Xi7AtSB1vuxC/U/0tjIP3wcRudwQk1YYzUvzk2bA==
  /magic-string/0.25.7:
    dependencies:
      sourcemap-codec: 1.4.8
    dev: true
    resolution:
      integrity: sha512-4CrMT5DOHTDk4HYDlzmwu4FVCcIYI8gauveasrdCu2IKIFOJ3f0v/8MDGJCDL9oD2ppz/Av1b0Nj345H9M+XIA==
  /merge-stream/2.0.0:
    dev: true
    resolution:
      integrity: sha512-abv/qOcuPfk3URPfDzmZU1LKmuw8kT+0nIHvKrKgFrwifol/doWcdA4ZqsWQ8ENrFKkd67Mfpo/LovbIUsbt3w==
  /mime/2.4.6:
    dev: false
    engines:
      node: '>=4.0.0'
    hasBin: true
    resolution:
      integrity: sha512-RZKhC3EmpBchfTGBVb8fb+RL2cWyw/32lshnsETttkBAyAUXSGHxbEJWWRXc751DrIxG1q04b8QwMbAwkRPpUA==
  /minimatch/3.0.4:
    dependencies:
      brace-expansion: 1.1.11
    resolution:
      integrity: sha512-yJHVQEhyqPLUTgt9B83PXu6W3rx4MvvHvSUvToogpwoGDOUQ+yDrR0HRot+yOCdCO7u4hX3pWft6kWBBcqh0UA==
  /mri/1.1.6:
    dev: false
    engines:
      node: '>=4'
    resolution:
      integrity: sha512-oi1b3MfbyGa7FJMP9GmLTttni5JoICpYBRlq+x5V16fZbLsnL9N3wFqqIm/nIG43FjUFkFh9Epzp/kzUGUnJxQ==
  /ms/2.0.0:
    dev: false
    resolution:
      integrity: sha1-VgiurfwAvmwpAd9fmGF4jeDVl8g=
  /normalize-path/3.0.0:
    dev: true
    engines:
      node: '>=0.10.0'
    resolution:
      integrity: sha512-6eZs5Ls3WtCisHWp9S2GUy8dqkpGi4BVSz3GaqiE6ezub0512ESztXUwUB6C6IKbQkY2Pnb/mD4WYojCRwcwLA==
  /object-inspect/1.9.0:
    dev: false
    resolution:
      integrity: sha512-i3Bp9iTqwhaLZBxGkRfo5ZbE07BQRT7MGu8+nNgwW9ItGp1TzCTw2DLEoWwjClxBjOFI/hWljTAmYGCEwmtnOw==
  /object-keys/1.1.1:
    dev: false
    engines:
      node: '>= 0.4'
    resolution:
      integrity: sha512-NuAESUOUMrlIXOfHKzD6bpPu3tYt3xvjNdRIQ+FeT0lNb4K8WR70CaDxhuNguS2XG+GjkyMwOzsN5ZktImfhLA==
  /object.assign/4.1.2:
    dependencies:
      call-bind: 1.0.2
      define-properties: 1.1.3
      has-symbols: 1.0.1
      object-keys: 1.1.1
    dev: false
    engines:
      node: '>= 0.4'
    resolution:
      integrity: sha512-ixT2L5THXsApyiUPYKmW+2EHpXXe5Ii3M+f4e+aJFAHao5amFRW6J0OO6c/LU8Be47utCx2GL89hxGB6XSmKuQ==
  /object.getownpropertydescriptors/2.1.1:
    dependencies:
      call-bind: 1.0.2
      define-properties: 1.1.3
      es-abstract: 1.18.0-next.2
    dev: false
    engines:
      node: '>= 0.8'
    resolution:
      integrity: sha512-6DtXgZ/lIZ9hqx4GtZETobXLR/ZLaa0aqV0kzbn80Rf8Z2e/XFnhA0I7p07N2wH8bBBltr2xQPi6sbKWAY2Eng==
  /once/1.4.0:
    dependencies:
      wrappy: 1.0.2
    resolution:
      integrity: sha1-WDsap3WWHUsROsF9nFC6753Xa9E=
  /opts/2.0.2:
    dev: true
    resolution:
      integrity: sha512-k41FwbcLnlgnFh69f4qdUfvDQ+5vaSDnVPFI/y5XuhKRq97EnVVneO9F1ESVCdiVu4fCS2L8usX3mU331hB7pg==
  /path-is-absolute/1.0.1:
    engines:
      node: '>=0.10.0'
    resolution:
      integrity: sha1-F0uSaHNVNP+8es5r9TpanhtcX18=
  /path-parse/1.0.6:
    dev: true
    resolution:
      integrity: sha512-GSmOT2EbHrINBf9SR7CDELwlJ8AENk3Qn7OikK4nFYAu3Ote2+JYNVvkpAEQm3/TLNEJFD/xZJjzyxg3KBWOzw==
  /picomatch/2.2.2:
    dev: true
    engines:
      node: '>=8.6'
    resolution:
      integrity: sha512-q0M/9eZHzmr0AulXyPwNfZjtwZ/RBZlbN3K3CErVrk50T2ASYI7Bye0EvekFY3IP1Nt2DHu0re+V2ZHIpMkuWg==
  /pify/4.0.1:
    dev: false
    engines:
      node: '>=6'
    resolution:
      integrity: sha512-uB80kBFb/tfd68bVleG9T5GGsGPjJrLAUpR5PZIrhBnIaRTQRjqdJSsIKkOP6OAIFbj7GOrcudc5pNjZ+geV2g==
  /premove/3.0.1:
    dev: true
    engines:
      node: '>=6'
    hasBin: true
    resolution:
      integrity: sha512-lH6+7lVMTu7Fl3NdfptcY7E5ElRVhAOpW0mfJq8qPex84KEaT7TOXYvGLW2PFp+wpWrvNMAn3RNYyy+QKx2kiA==
  /pretty-bytes/5.5.0:
    dev: false
    engines:
      node: '>=6'
    resolution:
      integrity: sha512-p+T744ZyjjiaFlMUZZv6YPC5JrkNj8maRmPaQCWFJFplUAzpIUTRaTcS+7wmZtUoFXHtESJb23ISliaWyz3SHA==
  /randombytes/2.1.0:
    dependencies:
      safe-buffer: 5.2.1
    dev: true
    resolution:
      integrity: sha512-vYl3iOX+4CKUWuxGi9Ukhie6fsqXqS9FE2Zaic4tNFD2N2QQaXOMFbuKK4QmDHC0JO6B1Zp41J0LpT0oR68amQ==
  /readdirp/3.4.0:
    dependencies:
      picomatch: 2.2.2
    dev: true
    engines:
      node: '>=8.10.0'
    resolution:
      integrity: sha512-0xe001vZBnJEK+uKcj8qOhyAKPzIT+gStxWr3LCB0DwcXR5NZJ3IaC+yGnHCYzB/S7ov3m3EEbZI2zeNvX+hGQ==
  /regexparam/1.3.0:
    dev: false
    engines:
      node: '>=6'
    resolution:
      integrity: sha512-6IQpFBv6e5vz1QAqI+V4k8P2e/3gRrqfCJ9FI+O1FLQTO+Uz6RXZEZOPmTJ6hlGj7gkERzY5BRCv09whKP96/g==
  /require-relative/0.8.7:
    dev: true
    resolution:
      integrity: sha1-eZlTn8ngR6N5KPoZb44VY9q9Nt4=
  /resolve/1.17.0:
    dependencies:
      path-parse: 1.0.6
    dev: true
    resolution:
      integrity: sha512-ic+7JYiV8Vi2yzQGFWOkiZD5Z9z7O2Zhm9XMaTxdJExKasieFCr+yXZ/WmXsckHiKl12ar0y6XiXDx3m4RHn1w==
  /rollup-plugin-livereload/2.0.0:
    dependencies:
      livereload: 0.9.1
    dev: true
    engines:
      node: '>=8.3'
    resolution:
      integrity: sha512-oC/8NqumGYuphkqrfszOHUUIwzKsaHBICw6QRwT5uD07gvePTS+HW+GFwu6f9K8W02CUuTvtIM9AWJrbj4wE1A==
  /rollup-plugin-size/0.2.2:
    dependencies:
      size-plugin-core: 0.0.7
    dev: false
    engines:
      node: '>=10.0.0'
    resolution:
      integrity: sha512-XIQpfwp1dLXzr4qCopY5ZSEEPB3bgZLkGw2BB3+TXmfH2jxGSmuN/+sRxnA5MvJe+Z4atW0x0qTQz5EuTQy01Q==
  /rollup-plugin-svelte/6.0.0_rollup@2.26.7+svelte@3.24.1:
    dependencies:
      require-relative: 0.8.7
      rollup: 2.26.7
      rollup-pluginutils: 2.8.2
      sourcemap-codec: 1.4.8
      svelte: 3.24.1
    dev: true
    peerDependencies:
      rollup: '>=1.19.2'
      svelte: '*'
    resolution:
      integrity: sha512-y9qtWa+iNYwXdOZqaEqz3i6k3gzofC9JXzv+WVKDOt0DLiJxJaSrlKKf4YkKG91RzTK5Lo+0fW8in9QH/DxEhA==
  /rollup-plugin-terser/7.0.0_rollup@2.26.7:
    dependencies:
      '@babel/code-frame': 7.10.4
      jest-worker: 26.3.0
      rollup: 2.26.7
      serialize-javascript: 4.0.0
      terser: 5.2.1
    dev: true
    peerDependencies:
      rollup: ^2.0.0
    resolution:
      integrity: sha512-p/N3lLiFusCjYTLfVkoaiRTOGr5AESEaljMPH12MhOtoMkmTBhIAfuadrcWy4am1U0vU4WTxO9fi0K09O4CboQ==
  /rollup-pluginutils/2.8.2:
    dependencies:
      estree-walker: 0.6.1
    dev: true
    resolution:
      integrity: sha512-EEp9NhnUkwY8aif6bxgovPHMoMoNr2FulJziTndpt5H9RdwC47GSGuII9XxpSdzVGM0GWrNPHV6ie1LTNJPaLQ==
  /rollup/2.26.7:
    dev: true
    engines:
      node: '>=10.0.0'
    hasBin: true
    optionalDependencies:
      fsevents: 2.1.3
    resolution:
      integrity: sha512-3/aXJ+ibw2fqj6KBX4ioYcx8s3kseYXzyxLR6Xmm7Zakzd7WNvn9XDUahBCQ/oPVHmVO9gEeIYKHgFaZWqsJzg==
  /sade/1.7.3:
    dependencies:
      mri: 1.1.6
    dev: false
    engines:
      node: '>= 6'
    resolution:
      integrity: sha512-m4BctppMvJ60W1dXnHq7jMmFe3hPJZDAH85kQ3ACTo7XZNVUuTItCQ+2HfyaMeV5cKrbw7l4vD/6We3GBxvdJw==
  /safe-buffer/5.2.1:
    dev: true
    resolution:
      integrity: sha512-rp3So07KcdmmKbGvgaNxQSJr7bGVSVk5S9Eq1F+ppbRo70+YeaDxkw5Dd8NPN+GD6bjnYm2VuPuCXmpuYvmCXQ==
  /semiver/1.1.0:
    dev: false
    engines:
      node: '>=6'
    resolution:
      integrity: sha512-QNI2ChmuioGC1/xjyYwyZYADILWyW6AmS1UH6gDj/SFUUUS4MBAWs/7mxnkRPc/F4iHezDP+O8t0dO8WHiEOdg==
  /serialize-javascript/4.0.0:
    dependencies:
      randombytes: 2.1.0
    dev: true
    resolution:
      integrity: sha512-GaNA54380uFefWghODBWEGisLZFj00nS5ACs6yHa9nLqlLpVLO8ChDGeKRjZnV4Nh4n0Qi7nhYZD/9fCPzEqkw==
  /sirv-cli/1.0.6:
    dependencies:
      console-clear: 1.1.1
      get-port: 3.2.0
      kleur: 3.0.3
      local-access: 1.0.1
      sade: 1.7.3
      semiver: 1.1.0
      sirv: 1.0.6
      tinydate: 1.3.0
    dev: false
    engines:
      node: '>= 10'
    hasBin: true
    resolution:
      integrity: sha512-K/iY1OHG7hTw4GzLoqMhwzKCbgWmx5joYAAF2+CwyiamWCpVzAgNVWgAc0JmSA2Gf3wseov05il2QbFTGTZMVg==
  /sirv/1.0.6:
    dependencies:
      '@polka/url': 1.0.0-next.11
      mime: 2.4.6
      totalist: 1.1.0
    dev: false
    engines:
      node: '>= 10'
    resolution:
      integrity: sha512-LRGu7Op4Xl9hhigOy2kcB53zAYTjNDdpooey49dIU0cMdpOv9ithVf7nstk3jvs8EhMiT/VORoyazZYGgw4vnA==
  /size-plugin-core/0.0.7:
    dependencies:
      brotli-size: 4.0.0
      chalk: 2.4.2
      fs-extra: 8.1.0
      glob: 7.1.6
      gzip-size: 5.1.1
      minimatch: 3.0.4
      pretty-bytes: 5.5.0
      size-plugin-store: 0.0.5
      util.promisify: 1.1.1
    dev: false
    resolution:
      integrity: sha512-vMX3AhK3hh5vxfOL5VgEIxUkcm0MFfiPsZ9LqZsZRH7iQ+erU669zYsx+WCF4EQ+nn11GYXL91U/sEvS1FnPug==
  /size-plugin-store/0.0.5:
    dependencies:
      axios: 0.19.2
      ci-env: 1.16.0
    dev: false
    resolution:
      integrity: sha512-SIFBv0wMMMfdqg1Po8vem90OaXe2Cftfo0AiXYU9m9JxDhOd726K+0BfNcYyOmDyrH2uUM7zMlnU2OhbbsDv5Q==
  /source-map-support/0.5.19:
    dependencies:
      buffer-from: 1.1.1
      source-map: 0.6.1
    dev: true
    resolution:
      integrity: sha512-Wonm7zOCIJzBGQdB+thsPar0kYuCIzYvxZwlBa87yi/Mdjv7Tip2cyVbLj5o0cFPN4EVkuTwb3GDDyUx2DGnGw==
  /source-map/0.6.1:
    dev: true
    engines:
      node: '>=0.10.0'
    resolution:
      integrity: sha512-UjgapumWlbMhkBgzT7Ykc5YXUT46F0iKu8SGXq0bcwP5dz/h0Plj6enJqjz1Zbq2l5WaqYnrVbwWOWMyF3F47g==
  /sourcemap-codec/1.4.8:
    dev: true
    resolution:
      integrity: sha512-9NykojV5Uih4lgo5So5dtw+f0JgJX30KCNI8gwhz2J9A15wD0Ml6tjHKwf6fTSa6fAdVBdZeNOs9eJ71qCk8vA==
  /string.prototype.trimend/1.0.3:
    dependencies:
      call-bind: 1.0.2
      define-properties: 1.1.3
    dev: false
    resolution:
      integrity: sha512-ayH0pB+uf0U28CtjlLvL7NaohvR1amUvVZk+y3DYb0Ey2PUV5zPkkKy9+U1ndVEIXO8hNg18eIv9Jntbii+dKw==
  /string.prototype.trimstart/1.0.3:
    dependencies:
      call-bind: 1.0.2
      define-properties: 1.1.3
    dev: false
    resolution:
      integrity: sha512-oBIBUy5lea5tt0ovtOFiEQaBkoBBkyJhZXzJYrSmDo5IUUqbOPvVezuRs/agBIdZ2p2Eo1FD6bD9USyBLfl3xg==
  /supports-color/5.5.0:
    dependencies:
      has-flag: 3.0.0
    engines:
      node: '>=4'
    resolution:
      integrity: sha512-QjVjwdXIt408MIiAqCX4oUKsgU2EqAGzs2Ppkm4aQYbjm+ZEWEcW4SfFNTr4uMNZma0ey4f5lgLrkB0aX0QMow==
  /supports-color/7.2.0:
    dependencies:
      has-flag: 4.0.0
    dev: true
    engines:
      node: '>=8'
    resolution:
      integrity: sha512-qpCAvRl9stuOHveKsn7HncJRvv501qIacKzQlO/+Lwxc9+0q2wLyv4Dfvt80/DPn2pqOBsJdDiogXGR9+OvwRw==
  /svelte-loadable/1.5.0_svelte@3.24.1:
    dependencies:
      svelte: 3.24.1
    dev: false
    peerDependencies:
      svelte: ^3.20.1
    resolution:
      integrity: sha512-ZuDIpPA8SZaJ2UgSe97ZN0Ft67WmUGl2ZcbdibVQJQgA7HlEje2pYEMRT3z4AuBRUPW5rTJA0zCFnB6nuNGkZw==
  /svelte-spa-router/2.2.0_svelte@3.24.1:
    dependencies:
      regexparam: 1.3.0
      svelte: 3.24.1
    dev: false
    peerDependencies:
      svelte: ^3.5.0
    resolution:
      integrity: sha512-S3KpmiBszjdjkU1QA9FyNgrSdQORbXWp4wl8R147Gl7KoNof/0SfFJ23+9E47jLiNz+lCw1uaCfeHJi2I60bVg==
  /svelte/3.24.1:
    dev: true
    engines:
      node: '>= 8'
    resolution:
      integrity: sha512-OX/IBVUJSFo1rnznXdwf9rv6LReJ3qQ0PwRjj76vfUWyTfbHbR9OXqJBnUrpjyis2dwYcbT2Zm1DFjOOF1ZbbQ==
  /terser/5.2.1:
    dependencies:
      commander: 2.20.3
      source-map: 0.6.1
      source-map-support: 0.5.19
    dev: true
    engines:
      node: '>=6.0.0'
    hasBin: true
    resolution:
      integrity: sha512-/AOtjRtAMNGO0fIF6m8HfcvXTw/2AKpsOzDn36tA5RfhRdeXyb4RvHxJ5Pah7iL6dFkLk+gOnCaNHGwJPl6TrQ==
  /tinydate/1.3.0:
    dev: false
    engines:
      node: '>=4'
    resolution:
      integrity: sha512-7cR8rLy2QhYHpsBDBVYnnWXm8uRTr38RoZakFSW7Bs7PzfMPNZthuMLkwqZv7MTu8lhQ91cOFYS5a7iFj2oR3w==
  /to-regex-range/5.0.1:
    dependencies:
      is-number: 7.0.0
    dev: true
    engines:
      node: '>=8.0'
    resolution:
      integrity: sha512-65P7iz6X5yEr1cwcgvQxbbIw7Uk3gOy5dIdtZ4rDveLqhrdJP+Li/Hx6tyK0NEb+2GCyneCMJiGqrADCSNk8sQ==
  /totalist/1.1.0:
    dev: false
    engines:
      node: '>=6'
    resolution:
      integrity: sha512-gduQwd1rOdDMGxFG1gEvhV88Oirdo2p+KjoYFU7k2g+i7n6AFFbDQ5kMPUsW0pNbfQsB/cwXvT1i4Bue0s9g5g==
  /universalify/0.1.2:
    dev: false
    engines:
      node: '>= 4.0.0'
    resolution:
      integrity: sha512-rBJeI5CXAlmy1pV+617WB9J63U6XcazHHF2f2dbJix4XzpUF0RS3Zbj0FGIOCAva5P/d/GBOYaACQ1w+0azUkg==
  /util.promisify/1.1.1:
    dependencies:
      call-bind: 1.0.2
      define-properties: 1.1.3
      for-each: 0.3.3
      has-symbols: 1.0.1
      object.getownpropertydescriptors: 2.1.1
    dev: false
    resolution:
      integrity: sha512-/s3UsZUrIfa6xDhr7zZhnE9SLQ5RIXyYfiVnMMyMDzOc8WhWN4Nbh36H842OyurKbCDAesZOJaVyvmSl6fhGQw==
  /wrappy/1.0.2:
    resolution:
      integrity: sha1-tSQ9jz7BqjXxNkYFvA0QNuMKtp8=
  /ws/6.2.1:
    dependencies:
      async-limiter: 1.0.1
    dev: true
    resolution:
      integrity: sha512-GIyAXC2cB7LjvpgMt9EKS2ldqr0MTrORaleiOno6TweZ6r3TKtoFQWay/2PceJ3RuBasOHzXNn5Lrw1X0bEjqA==
specifiers:
  '@rollup/plugin-commonjs': ^14.0.0
  '@rollup/plugin-node-resolve': ^8.0.0
  premove: ^3.0.1
  rollup: ^2.3.4
  rollup-plugin-livereload: ^2.0.0
  rollup-plugin-size: ^0.2.2
  rollup-plugin-svelte: ^6.0.0
  rollup-plugin-terser: ^7.0.0
  sirv-cli: ^1.0.0
  svelte: ^3.0.0
  svelte-loadable: ^1.5.0
  svelte-spa-router: ^2.2.0
